
Microsoft Visual Studio Solution File, Format Version 12.00
# Visual Studio Version 16
VisualStudioVersion = 16.0.30104.148
MinimumVisualStudioVersion = 10.0.40219.1
Project("{FAE04EC0-301F-11D3-BF4B-00C04F79EFBC}") = "Ex002", "Ex002\Ex002.csproj", "{F4168C5B-214F-46B5-9A16-7610B5E6FC94}"
EndProject
Global
	GlobalSection(SolutionConfigurationPlatforms) = preSolution
		Debug|Any CPU = Debug|Any CPU
		Release|Any CPU = Release|Any CPU
	EndGlobalSection
	GlobalSection(ProjectConfigurationPlatforms) = postSolution
		{F4168C5B-214F-46B5-9A16-7610B5E6FC94}.Debug|Any CPU.ActiveCfg = Debug|Any CPU
		{F4168C5B-214F-46B5-9A16-7610B5E6FC94}.Debug|Any CPU.Build.0 = Debug|Any CPU
		{F4168C5B-214F-46B5-9A16-7610B5E6FC94}.Release|Any CPU.ActiveCfg = Release|Any CPU
		{F4168C5B-214F-46B5-9A16-7610B5E6FC94}.Release|Any CPU.Build.0 = Release|Any CPU
	EndGlobalSection
	GlobalSection(SolutionProperties) = preSolution
		HideSolutionNode = FALSE
	EndGlobalSection
	GlobalSection(ExtensibilityGlobals) = postSolution
		SolutionGuid = {3682C6E4-518E-432C-93CD-7B339F8C7476}
	EndGlobalSection
EndGlobal
